
Microsoft Visual Studio Solution File, Format Version 12.00
# Visual Studio Version 17
VisualStudioVersion = 17.2.32516.85
MinimumVisualStudioVersion = 10.0.40219.1
Project("{FAE04EC0-301F-11D3-BF4B-00C04F79EFBC}") = "GameStrategy", "GameStrategy\GameStrategy.csproj", "{393A8F31-417E-41EE-8081-DF33F070E594}"
EndProject
Global
	GlobalSection(SolutionConfigurationPlatforms) = preSolution
		Debug|Any CPU = Debug|Any CPU
		Release|Any CPU = Release|Any CPU
	EndGlobalSection
	GlobalSection(ProjectConfigurationPlatforms) = postSolution
		{393A8F31-417E-41EE-8081-DF33F070E594}.Debug|Any CPU.ActiveCfg = Debug|Any CPU
		{393A8F31-417E-41EE-8081-DF33F070E594}.Debug|Any CPU.Build.0 = Debug|Any CPU
		{393A8F31-417E-41EE-8081-DF33F070E594}.Release|Any CPU.ActiveCfg = Release|Any CPU
		{393A8F31-417E-41EE-8081-DF33F070E594}.Release|Any CPU.Build.0 = Release|Any CPU
	EndGlobalSection
	GlobalSection(SolutionProperties) = preSolution
		HideSolutionNode = FALSE
	EndGlobalSection
	GlobalSection(ExtensibilityGlobals) = postSolution
		SolutionGuid = {E60DAAD4-AB72-45AB-96D1-6C3DE9F74BB6}
	EndGlobalSection
EndGlobal
